
Microsoft Visual Studio Solution File, Format Version 12.00
# Visual Studio Version 16
VisualStudioVersion = 16.0.30114.105
MinimumVisualStudioVersion = 10.0.40219.1
Project("{FAE04EC0-301F-11D3-BF4B-00C04F79EFBC}") = "Iolaus", "Iolaus\Iolaus.csproj", "{36C7BF03-9D34-479F-84EE-5CCC33D3A8E2}"
EndProject
Project("{FAE04EC0-301F-11D3-BF4B-00C04F79EFBC}") = "Iolaus.Config.Etcd", "Iolaus.Config.Etcd\Iolaus.Config.Etcd.csproj", "{1C8BB49A-800D-4B3A-AFA3-6D49BD98C68B}"
EndProject
Project("{FAE04EC0-301F-11D3-BF4B-00C04F79EFBC}") = "Iolaus.Http", "Iolaus.Http\Iolaus.Http.csproj", "{0FBD0079-0292-42CE-8E3D-867DF758DF01}"
EndProject
Project("{FAE04EC0-301F-11D3-BF4B-00C04F79EFBC}") = "Iolaus.Nats", "Iolaus.Nats\Iolaus.Nats.csproj", "{74B38AB5-BB44-4676-A194-C1BC97B314E7}"
EndProject
Project("{FAE04EC0-301F-11D3-BF4B-00C04F79EFBC}") = "Iolaus.Observer", "Iolaus.Observer\Iolaus.Observer.csproj", "{E6246578-4035-416C-B166-5D765234AA0E}"
EndProject
Project("{FAE04EC0-301F-11D3-BF4B-00C04F79EFBC}") = "Iolaus.Tests", "Iolaus.Tests\Iolaus.Tests.csproj", "{273C26C4-BFC0-4838-A865-6BE42D73DD61}"
EndProject
Project("{FAE04EC0-301F-11D3-BF4B-00C04F79EFBC}") = "Iolaus.Local", "Iolaus.Local\Iolaus.Local.csproj", "{E6053F3F-D794-49C4-BF14-B3C7007577E8}"
EndProject
Global
	GlobalSection(SolutionConfigurationPlatforms) = preSolution
		Debug|Any CPU = Debug|Any CPU
		Debug|x64 = Debug|x64
		Debug|x86 = Debug|x86
		Release|Any CPU = Release|Any CPU
		Release|x64 = Release|x64
		Release|x86 = Release|x86
	EndGlobalSection
	GlobalSection(SolutionProperties) = preSolution
		HideSolutionNode = FALSE
	EndGlobalSection
	GlobalSection(ProjectConfigurationPlatforms) = postSolution
		{36C7BF03-9D34-479F-84EE-5CCC33D3A8E2}.Debug|Any CPU.ActiveCfg = Debug|Any CPU
		{36C7BF03-9D34-479F-84EE-5CCC33D3A8E2}.Debug|Any CPU.Build.0 = Debug|Any CPU
		{36C7BF03-9D34-479F-84EE-5CCC33D3A8E2}.Debug|x64.ActiveCfg = Debug|Any CPU
		{36C7BF03-9D34-479F-84EE-5CCC33D3A8E2}.Debug|x64.Build.0 = Debug|Any CPU
		{36C7BF03-9D34-479F-84EE-5CCC33D3A8E2}.Debug|x86.ActiveCfg = Debug|Any CPU
		{36C7BF03-9D34-479F-84EE-5CCC33D3A8E2}.Debug|x86.Build.0 = Debug|Any CPU
		{36C7BF03-9D34-479F-84EE-5CCC33D3A8E2}.Release|Any CPU.ActiveCfg = Release|Any CPU
		{36C7BF03-9D34-479F-84EE-5CCC33D3A8E2}.Release|Any CPU.Build.0 = Release|Any CPU
		{36C7BF03-9D34-479F-84EE-5CCC33D3A8E2}.Release|x64.ActiveCfg = Release|Any CPU
		{36C7BF03-9D34-479F-84EE-5CCC33D3A8E2}.Release|x64.Build.0 = Release|Any CPU
		{36C7BF03-9D34-479F-84EE-5CCC33D3A8E2}.Release|x86.ActiveCfg = Release|Any CPU
		{36C7BF03-9D34-479F-84EE-5CCC33D3A8E2}.Release|x86.Build.0 = Release|Any CPU
		{1C8BB49A-800D-4B3A-AFA3-6D49BD98C68B}.Debug|Any CPU.ActiveCfg = Debug|Any CPU
		{1C8BB49A-800D-4B3A-AFA3-6D49BD98C68B}.Debug|Any CPU.Build.0 = Debug|Any CPU
		{1C8BB49A-800D-4B3A-AFA3-6D49BD98C68B}.Debug|x64.ActiveCfg = Debug|Any CPU
		{1C8BB49A-800D-4B3A-AFA3-6D49BD98C68B}.Debug|x64.Build.0 = Debug|Any CPU
		{1C8BB49A-800D-4B3A-AFA3-6D49BD98C68B}.Debug|x86.ActiveCfg = Debug|Any CPU
		{1C8BB49A-800D-4B3A-AFA3-6D49BD98C68B}.Debug|x86.Build.0 = Debug|Any CPU
		{1C8BB49A-800D-4B3A-AFA3-6D49BD98C68B}.Release|Any CPU.ActiveCfg = Release|Any CPU
		{1C8BB49A-800D-4B3A-AFA3-6D49BD98C68B}.Release|Any CPU.Build.0 = Release|Any CPU
		{1C8BB49A-800D-4B3A-AFA3-6D49BD98C68B}.Release|x64.ActiveCfg = Release|Any CPU
		{1C8BB49A-800D-4B3A-AFA3-6D49BD98C68B}.Release|x64.Build.0 = Release|Any CPU
		{1C8BB49A-800D-4B3A-AFA3-6D49BD98C68B}.Release|x86.ActiveCfg = Release|Any CPU
		{1C8BB49A-800D-4B3A-AFA3-6D49BD98C68B}.Release|x86.Build.0 = Release|Any CPU
		{0FBD0079-0292-42CE-8E3D-867DF758DF01}.Debug|Any CPU.ActiveCfg = Debug|Any CPU
		{0FBD0079-0292-42CE-8E3D-867DF758DF01}.Debug|Any CPU.Build.0 = Debug|Any CPU
		{0FBD0079-0292-42CE-8E3D-867DF758DF01}.Debug|x64.ActiveCfg = Debug|Any CPU
		{0FBD0079-0292-42CE-8E3D-867DF758DF01}.Debug|x64.Build.0 = Debug|Any CPU
		{0FBD0079-0292-42CE-8E3D-867DF758DF01}.Debug|x86.ActiveCfg = Debug|Any CPU
		{0FBD0079-0292-42CE-8E3D-867DF758DF01}.Debug|x86.Build.0 = Debug|Any CPU
		{0FBD0079-0292-42CE-8E3D-867DF758DF01}.Release|Any CPU.ActiveCfg = Release|Any CPU
		{0FBD0079-0292-42CE-8E3D-867DF758DF01}.Release|Any CPU.Build.0 = Release|Any CPU
		{0FBD0079-0292-42CE-8E3D-867DF758DF01}.Release|x64.ActiveCfg = Release|Any CPU
		{0FBD0079-0292-42CE-8E3D-867DF758DF01}.Release|x64.Build.0 = Release|Any CPU
		{0FBD0079-0292-42CE-8E3D-867DF758DF01}.Release|x86.ActiveCfg = Release|Any CPU
		{0FBD0079-0292-42CE-8E3D-867DF758DF01}.Release|x86.Build.0 = Release|Any CPU
		{74B38AB5-BB44-4676-A194-C1BC97B314E7}.Debug|Any CPU.ActiveCfg = Debug|Any CPU
		{74B38AB5-BB44-4676-A194-C1BC97B314E7}.Debug|Any CPU.Build.0 = Debug|Any CPU
		{74B38AB5-BB44-4676-A194-C1BC97B314E7}.Debug|x64.ActiveCfg = Debug|Any CPU
		{74B38AB5-BB44-4676-A194-C1BC97B314E7}.Debug|x64.Build.0 = Debug|Any CPU
		{74B38AB5-BB44-4676-A194-C1BC97B314E7}.Debug|x86.ActiveCfg = Debug|Any CPU
		{74B38AB5-BB44-4676-A194-C1BC97B314E7}.Debug|x86.Build.0 = Debug|Any CPU
		{74B38AB5-BB44-4676-A194-C1BC97B314E7}.Release|Any CPU.ActiveCfg = Release|Any CPU
		{74B38AB5-BB44-4676-A194-C1BC97B314E7}.Release|Any CPU.Build.0 = Release|Any CPU
		{74B38AB5-BB44-4676-A194-C1BC97B314E7}.Release|x64.ActiveCfg = Release|Any CPU
		{74B38AB5-BB44-4676-A194-C1BC97B314E7}.Release|x64.Build.0 = Release|Any CPU
		{74B38AB5-BB44-4676-A194-C1BC97B314E7}.Release|x86.ActiveCfg = Release|Any CPU
		{74B38AB5-BB44-4676-A194-C1BC97B314E7}.Release|x86.Build.0 = Release|Any CPU
		{E6246578-4035-416C-B166-5D765234AA0E}.Debug|Any CPU.ActiveCfg = Debug|Any CPU
		{E6246578-4035-416C-B166-5D765234AA0E}.Debug|Any CPU.Build.0 = Debug|Any CPU
		{E6246578-4035-416C-B166-5D765234AA0E}.Debug|x64.ActiveCfg = Debug|Any CPU
		{E6246578-4035-416C-B166-5D765234AA0E}.Debug|x64.Build.0 = Debug|Any CPU
		{E6246578-4035-416C-B166-5D765234AA0E}.Debug|x86.ActiveCfg = Debug|Any CPU
		{E6246578-4035-416C-B166-5D765234AA0E}.Debug|x86.Build.0 = Debug|Any CPU
		{E6246578-4035-416C-B166-5D765234AA0E}.Release|Any CPU.ActiveCfg = Release|Any CPU
		{E6246578-4035-416C-B166-5D765234AA0E}.Release|Any CPU.Build.0 = Release|Any CPU
		{E6246578-4035-416C-B166-5D765234AA0E}.Release|x64.ActiveCfg = Release|Any CPU
		{E6246578-4035-416C-B166-5D765234AA0E}.Release|x64.Build.0 = Release|Any CPU
		{E6246578-4035-416C-B166-5D765234AA0E}.Release|x86.ActiveCfg = Release|Any CPU
		{E6246578-4035-416C-B166-5D765234AA0E}.Release|x86.Build.0 = Release|Any CPU
		{273C26C4-BFC0-4838-A865-6BE42D73DD61}.Debug|Any CPU.ActiveCfg = Debug|Any CPU
		{273C26C4-BFC0-4838-A865-6BE42D73DD61}.Debug|Any CPU.Build.0 = Debug|Any CPU
		{273C26C4-BFC0-4838-A865-6BE42D73DD61}.Debug|x64.ActiveCfg = Debug|Any CPU
		{273C26C4-BFC0-4838-A865-6BE42D73DD61}.Debug|x64.Build.0 = Debug|Any CPU
		{273C26C4-BFC0-4838-A865-6BE42D73DD61}.Debug|x86.ActiveCfg = Debug|Any CPU
		{273C26C4-BFC0-4838-A865-6BE42D73DD61}.Debug|x86.Build.0 = Debug|Any CPU
		{273C26C4-BFC0-4838-A865-6BE42D73DD61}.Release|Any CPU.ActiveCfg = Release|Any CPU
		{273C26C4-BFC0-4838-A865-6BE42D73DD61}.Release|Any CPU.Build.0 = Release|Any CPU
		{273C26C4-BFC0-4838-A865-6BE42D73DD61}.Release|x64.ActiveCfg = Release|Any CPU
		{273C26C4-BFC0-4838-A865-6BE42D73DD61}.Release|x64.Build.0 = Release|Any CPU
		{273C26C4-BFC0-4838-A865-6BE42D73DD61}.Release|x86.ActiveCfg = Release|Any CPU
		{273C26C4-BFC0-4838-A865-6BE42D73DD61}.Release|x86.Build.0 = Release|Any CPU
		{E6053F3F-D794-49C4-BF14-B3C7007577E8}.Debug|Any CPU.ActiveCfg = Debug|Any CPU
		{E6053F3F-D794-49C4-BF14-B3C7007577E8}.Debug|Any CPU.Build.0 = Debug|Any CPU
		{E6053F3F-D794-49C4-BF14-B3C7007577E8}.Debug|x64.ActiveCfg = Debug|Any CPU
		{E6053F3F-D794-49C4-BF14-B3C7007577E8}.Debug|x64.Build.0 = Debug|Any CPU
		{E6053F3F-D794-49C4-BF14-B3C7007577E8}.Debug|x86.ActiveCfg = Debug|Any CPU
		{E6053F3F-D794-49C4-BF14-B3C7007577E8}.Debug|x86.Build.0 = Debug|Any CPU
		{E6053F3F-D794-49C4-BF14-B3C7007577E8}.Release|Any CPU.ActiveCfg = Release|Any CPU
		{E6053F3F-D794-49C4-BF14-B3C7007577E8}.Release|Any CPU.Build.0 = Release|Any CPU
		{E6053F3F-D794-49C4-BF14-B3C7007577E8}.Release|x64.ActiveCfg = Release|Any CPU
		{E6053F3F-D794-49C4-BF14-B3C7007577E8}.Release|x64.Build.0 = Release|Any CPU
		{E6053F3F-D794-49C4-BF14-B3C7007577E8}.Release|x86.ActiveCfg = Release|Any CPU
		{E6053F3F-D794-49C4-BF14-B3C7007577E8}.Release|x86.Build.0 = Release|Any CPU
	EndGlobalSection
EndGlobal
